
Microsoft Visual Studio Solution File, Format Version 12.00
# Visual Studio Version 16
VisualStudioVersion = 16.0.31019.35
MinimumVisualStudioVersion = 10.0.40219.1
Project("{FAE04EC0-301F-11D3-BF4B-00C04F79EFBC}") = "PlataformaDeVuelos", "PlataformaDeVuelos.csproj", "{F2F3DB32-009E-460E-AE0E-7799CB028143}"
EndProject
Global
	GlobalSection(SolutionConfigurationPlatforms) = preSolution
		Debug|Any CPU = Debug|Any CPU
		Release|Any CPU = Release|Any CPU
	EndGlobalSection
	GlobalSection(ProjectConfigurationPlatforms) = postSolution
		{F2F3DB32-009E-460E-AE0E-7799CB028143}.Debug|Any CPU.ActiveCfg = Debug|Any CPU
		{F2F3DB32-009E-460E-AE0E-7799CB028143}.Debug|Any CPU.Build.0 = Debug|Any CPU
		{F2F3DB32-009E-460E-AE0E-7799CB028143}.Release|Any CPU.ActiveCfg = Release|Any CPU
		{F2F3DB32-009E-460E-AE0E-7799CB028143}.Release|Any CPU.Build.0 = Release|Any CPU
	EndGlobalSection
	GlobalSection(SolutionProperties) = preSolution
		HideSolutionNode = FALSE
	EndGlobalSection
	GlobalSection(ExtensibilityGlobals) = postSolution
		SolutionGuid = {70A204EF-C8E3-409E-928F-0E1B23736A20}
	EndGlobalSection
EndGlobal
